
Microsoft Visual Studio Solution File, Format Version 12.00
# Visual Studio 15
Project("{FAE04EC0-301F-11D3-BF4B-00C04F79EFBC}") = "UnityEngine.TestRunner", "UnityEngine.TestRunner.csproj", "{9E5A9293-F0D8-12C4-B142-A959C8785682}"
EndProject
Project("{FAE04EC0-301F-11D3-BF4B-00C04F79EFBC}") = "Unity.Mathematics", "Unity.Mathematics.csproj", "{34479FAE-9EA9-30E2-B707-EC98EFCFE683}"
EndProject
Project("{FAE04EC0-301F-11D3-BF4B-00C04F79EFBC}") = "Unity.2D.Animation.Triangle.Runtime", "Unity.2D.Animation.Triangle.Runtime.csproj", "{2B99855C-0150-FDD9-AE5F-46CAA545C22F}"
EndProject
Project("{FAE04EC0-301F-11D3-BF4B-00C04F79EFBC}") = "Unity.Timeline", "Unity.Timeline.csproj", "{8D2D4047-8180-3C52-03BB-2A4102EE4C98}"
EndProject
Project("{FAE04EC0-301F-11D3-BF4B-00C04F79EFBC}") = "UnityEngine.UI", "UnityEngine.UI.csproj", "{BDF45E35-3FB8-6822-5E5D-23936C4436DB}"
EndProject
Project("{FAE04EC0-301F-11D3-BF4B-00C04F79EFBC}") = "Unity.TextMeshPro", "Unity.TextMeshPro.csproj", "{4F15DA4E-AADE-EEE2-AC1E-C7FBFA0FD680}"
EndProject
Project("{FAE04EC0-301F-11D3-BF4B-00C04F79EFBC}") = "Unity.2D.Animation.Runtime", "Unity.2D.Animation.Runtime.csproj", "{D94EB47F-D3F2-87C5-960F-FC13FCFDEE54}"
EndProject
Project("{FAE04EC0-301F-11D3-BF4B-00C04F79EFBC}") = "Unity.2D.IK.Runtime", "Unity.2D.IK.Runtime.csproj", "{D1E3E436-3560-A93A-E81D-BFE689274D56}"
EndProject
Project("{FAE04EC0-301F-11D3-BF4B-00C04F79EFBC}") = "Assembly-CSharp", "Assembly-CSharp.csproj", "{EC169596-0B3D-9B81-ED37-8A1F5FD791F6}"
EndProject
Project("{FAE04EC0-301F-11D3-BF4B-00C04F79EFBC}") = "Unity.2D.SpriteShape.Runtime", "Unity.2D.SpriteShape.Runtime.csproj", "{CF493871-EAFE-C633-D3C8-F5D2B645CD34}"
EndProject
Project("{FAE04EC0-301F-11D3-BF4B-00C04F79EFBC}") = "Unity.2D.PixelPerfect", "Unity.2D.PixelPerfect.csproj", "{3EB2F234-6E8F-3154-4CDF-87C9C44726A7}"
EndProject
Project("{FAE04EC0-301F-11D3-BF4B-00C04F79EFBC}") = "Unity.2D.Common.Runtime", "Unity.2D.Common.Runtime.csproj", "{B6E29740-D73D-858A-EC61-965511AEBB9E}"
EndProject
Project("{FAE04EC0-301F-11D3-BF4B-00C04F79EFBC}") = "Unity.InternalAPIEngineBridge.001", "Unity.InternalAPIEngineBridge.001.csproj", "{1EB7DF87-957B-363F-7FD3-450269C22C72}"
EndProject
Project("{FAE04EC0-301F-11D3-BF4B-00C04F79EFBC}") = "UnityEditor.TestRunner", "UnityEditor.TestRunner.csproj", "{FE37B5C9-CD47-A68E-8218-DBE12FAB5917}"
EndProject
Project("{FAE04EC0-301F-11D3-BF4B-00C04F79EFBC}") = "UnityEditor.UI", "UnityEditor.UI.csproj", "{A3FB8B84-D853-AB39-2F6B-557F151865E5}"
EndProject
Project("{FAE04EC0-301F-11D3-BF4B-00C04F79EFBC}") = "Unity.Timeline.Editor", "Unity.Timeline.Editor.csproj", "{B4477D83-7E79-BE0C-AB9B-A6CEDA07CD93}"
EndProject
Project("{FAE04EC0-301F-11D3-BF4B-00C04F79EFBC}") = "Unity.VisualStudio.Editor", "Unity.VisualStudio.Editor.csproj", "{19FF04A3-51AE-2C45-1D9A-5EB41856DCD8}"
EndProject
Project("{FAE04EC0-301F-11D3-BF4B-00C04F79EFBC}") = "Unity.2D.Psdimporter.Editor", "Unity.2D.Psdimporter.Editor.csproj", "{8D762E02-BCD8-527A-CC60-47D85BC4BFCE}"
EndProject
Project("{FAE04EC0-301F-11D3-BF4B-00C04F79EFBC}") = "Unity.2D.Animation.Editor", "Unity.2D.Animation.Editor.csproj", "{80ABD821-6739-929B-E0F5-12AAA584FBE5}"
EndProject
Project("{FAE04EC0-301F-11D3-BF4B-00C04F79EFBC}") = "Unity.TextMeshPro.Editor", "Unity.TextMeshPro.Editor.csproj", "{BB44E723-92EE-86D6-347D-7B392EE359E1}"
EndProject
Project("{FAE04EC0-301F-11D3-BF4B-00C04F79EFBC}") = "Unity.2D.SpriteShape.Editor", "Unity.2D.SpriteShape.Editor.csproj", "{E010C0CB-8052-0D56-739F-BE20A41DC485}"
EndProject
Project("{FAE04EC0-301F-11D3-BF4B-00C04F79EFBC}") = "Unity.CollabProxy.Editor", "Unity.CollabProxy.Editor.csproj", "{44900E36-554D-658E-591C-024503A568B3}"
EndProject
Project("{FAE04EC0-301F-11D3-BF4B-00C04F79EFBC}") = "PsdPlugin", "PsdPlugin.csproj", "{4419FA11-337C-38F2-1813-87CD61D7B663}"
EndProject
Project("{FAE04EC0-301F-11D3-BF4B-00C04F79EFBC}") = "Unity.2D.Path.Editor", "Unity.2D.Path.Editor.csproj", "{33EAC64C-BA07-1A0D-8045-F8F6F52AB69E}"
EndProject
Project("{FAE04EC0-301F-11D3-BF4B-00C04F79EFBC}") = "Unity.Rider.Editor", "Unity.Rider.Editor.csproj", "{597914F9-A9B9-B971-373A-83D5F0657D6C}"
EndProject
Project("{FAE04EC0-301F-11D3-BF4B-00C04F79EFBC}") = "Unity.2D.IK.Editor", "Unity.2D.IK.Editor.csproj", "{2B45AFA9-0D82-FE83-6538-A21743084E06}"
EndProject
Project("{FAE04EC0-301F-11D3-BF4B-00C04F79EFBC}") = "Unity.2D.Sprite.Editor", "Unity.2D.Sprite.Editor.csproj", "{E53A4F6B-3B8F-A086-E104-3A77432F4936}"
EndProject
Project("{FAE04EC0-301F-11D3-BF4B-00C04F79EFBC}") = "Unity.2D.Tilemap.Editor", "Unity.2D.Tilemap.Editor.csproj", "{8154F928-C761-EF46-328C-2EF2E96F7864}"
EndProject
Project("{FAE04EC0-301F-11D3-BF4B-00C04F79EFBC}") = "Unity.2D.PixelPerfect.Editor", "Unity.2D.PixelPerfect.Editor.csproj", "{32281664-FB56-AD97-C7E5-833598B36D98}"
EndProject
Project("{FAE04EC0-301F-11D3-BF4B-00C04F79EFBC}") = "Unity.VSCode.Editor", "Unity.VSCode.Editor.csproj", "{6E107946-EF47-6194-F32B-3479C7640923}"
EndProject
Project("{FAE04EC0-301F-11D3-BF4B-00C04F79EFBC}") = "Unity.2D.Common.Editor", "Unity.2D.Common.Editor.csproj", "{E2F96A16-0B51-16E6-C99C-AC69DECDA9CE}"
EndProject
Project("{FAE04EC0-301F-11D3-BF4B-00C04F79EFBC}") = "Unity.Mathematics.Editor", "Unity.Mathematics.Editor.csproj", "{6EAE01CB-F41B-DDF0-68B9-F20372B40E8B}"
EndProject
Project("{FAE04EC0-301F-11D3-BF4B-00C04F79EFBC}") = "Unity.InternalAPIEditorBridge.001", "Unity.InternalAPIEditorBridge.001.csproj", "{05163CC5-4466-E1CB-A93A-F02D3559A680}"
EndProject
Project("{FAE04EC0-301F-11D3-BF4B-00C04F79EFBC}") = "UnityEngine.TestRunner", "UnityEngine.TestRunner.Player.csproj", "{B2C58A0C-8DDE-D519-21EB-DAA70AC29E7B}"
EndProject
Project("{FAE04EC0-301F-11D3-BF4B-00C04F79EFBC}") = "Unity.Mathematics", "Unity.Mathematics.Player.csproj", "{0C5719B4-E3E2-DB0B-1703-0662731D7BE8}"
EndProject
Project("{FAE04EC0-301F-11D3-BF4B-00C04F79EFBC}") = "Unity.2D.Animation.Triangle.Runtime", "Unity.2D.Animation.Triangle.Runtime.Player.csproj", "{5A3A2AA4-DE2A-0B63-D35B-20B3FBCFCCA8}"
EndProject
Project("{FAE04EC0-301F-11D3-BF4B-00C04F79EFBC}") = "Unity.Timeline", "Unity.Timeline.Player.csproj", "{FABE2E72-17BE-A3E9-471B-A99715C66517}"
EndProject
Project("{FAE04EC0-301F-11D3-BF4B-00C04F79EFBC}") = "UnityEngine.UI", "UnityEngine.UI.Player.csproj", "{BDD62885-A87B-3764-3420-76A23F1038E9}"
EndProject
Project("{FAE04EC0-301F-11D3-BF4B-00C04F79EFBC}") = "Unity.TextMeshPro", "Unity.TextMeshPro.Player.csproj", "{24E9AB42-F4DE-56BA-8402-4C6A27F2A642}"
EndProject
Project("{FAE04EC0-301F-11D3-BF4B-00C04F79EFBC}") = "Unity.2D.Animation.Runtime", "Unity.2D.Animation.Runtime.Player.csproj", "{1D5F41BF-55C2-6DD5-5CD5-E91EA7E1C9D3}"
EndProject
Project("{FAE04EC0-301F-11D3-BF4B-00C04F79EFBC}") = "Unity.2D.IK.Runtime", "Unity.2D.IK.Runtime.Player.csproj", "{E936BBDD-2EE6-8627-4AF4-3FA4EF787AB0}"
EndProject
Project("{FAE04EC0-301F-11D3-BF4B-00C04F79EFBC}") = "Assembly-CSharp", "Assembly-CSharp.Player.csproj", "{E1009526-C366-60C4-96C1-36D98BC6D886}"
EndProject
Project("{FAE04EC0-301F-11D3-BF4B-00C04F79EFBC}") = "Unity.2D.SpriteShape.Runtime", "Unity.2D.SpriteShape.Runtime.Player.csproj", "{C938DAF0-EB51-596B-759E-10F22A2AC558}"
EndProject
Project("{FAE04EC0-301F-11D3-BF4B-00C04F79EFBC}") = "Unity.2D.PixelPerfect", "Unity.2D.PixelPerfect.Player.csproj", "{9EBC84CC-F505-EAA9-BD21-7B58BB5ACF68}"
EndProject
Project("{FAE04EC0-301F-11D3-BF4B-00C04F79EFBC}") = "Unity.2D.Common.Runtime", "Unity.2D.Common.Runtime.Player.csproj", "{18DEE590-2F00-17B6-6850-1BD523659B87}"
EndProject
Project("{FAE04EC0-301F-11D3-BF4B-00C04F79EFBC}") = "Unity.InternalAPIEngineBridge.001", "Unity.InternalAPIEngineBridge.001.Player.csproj", "{612934D6-926D-97EC-A87B-4D867AE1057F}"
EndProject
Global
	GlobalSection(SolutionConfigurationPlatforms) = preSolution
		Debug|Any CPU = Debug|Any CPU
		Release|Any CPU = Release|Any CPU
	EndGlobalSection
	GlobalSection(ProjectConfigurationPlatforms) = postSolution
		{9E5A9293-F0D8-12C4-B142-A959C8785682}.Debug|Any CPU.ActiveCfg = Debug|Any CPU
		{9E5A9293-F0D8-12C4-B142-A959C8785682}.Debug|Any CPU.Build.0 = Debug|Any CPU
		{9E5A9293-F0D8-12C4-B142-A959C8785682}.Release|Any CPU.ActiveCfg = Release|Any CPU
		{9E5A9293-F0D8-12C4-B142-A959C8785682}.Release|Any CPU.Build.0 = Release|Any CPU
		{34479FAE-9EA9-30E2-B707-EC98EFCFE683}.Debug|Any CPU.ActiveCfg = Debug|Any CPU
		{34479FAE-9EA9-30E2-B707-EC98EFCFE683}.Debug|Any CPU.Build.0 = Debug|Any CPU
		{34479FAE-9EA9-30E2-B707-EC98EFCFE683}.Release|Any CPU.ActiveCfg = Release|Any CPU
		{34479FAE-9EA9-30E2-B707-EC98EFCFE683}.Release|Any CPU.Build.0 = Release|Any CPU
		{2B99855C-0150-FDD9-AE5F-46CAA545C22F}.Debug|Any CPU.ActiveCfg = Debug|Any CPU
		{2B99855C-0150-FDD9-AE5F-46CAA545C22F}.Debug|Any CPU.Build.0 = Debug|Any CPU
		{2B99855C-0150-FDD9-AE5F-46CAA545C22F}.Release|Any CPU.ActiveCfg = Release|Any CPU
		{2B99855C-0150-FDD9-AE5F-46CAA545C22F}.Release|Any CPU.Build.0 = Release|Any CPU
		{8D2D4047-8180-3C52-03BB-2A4102EE4C98}.Debug|Any CPU.ActiveCfg = Debug|Any CPU
		{8D2D4047-8180-3C52-03BB-2A4102EE4C98}.Debug|Any CPU.Build.0 = Debug|Any CPU
		{8D2D4047-8180-3C52-03BB-2A4102EE4C98}.Release|Any CPU.ActiveCfg = Release|Any CPU
		{8D2D4047-8180-3C52-03BB-2A4102EE4C98}.Release|Any CPU.Build.0 = Release|Any CPU
		{BDF45E35-3FB8-6822-5E5D-23936C4436DB}.Debug|Any CPU.ActiveCfg = Debug|Any CPU
		{BDF45E35-3FB8-6822-5E5D-23936C4436DB}.Debug|Any CPU.Build.0 = Debug|Any CPU
		{BDF45E35-3FB8-6822-5E5D-23936C4436DB}.Release|Any CPU.ActiveCfg = Release|Any CPU
		{BDF45E35-3FB8-6822-5E5D-23936C4436DB}.Release|Any CPU.Build.0 = Release|Any CPU
		{4F15DA4E-AADE-EEE2-AC1E-C7FBFA0FD680}.Debug|Any CPU.ActiveCfg = Debug|Any CPU
		{4F15DA4E-AADE-EEE2-AC1E-C7FBFA0FD680}.Debug|Any CPU.Build.0 = Debug|Any CPU
		{4F15DA4E-AADE-EEE2-AC1E-C7FBFA0FD680}.Release|Any CPU.ActiveCfg = Release|Any CPU
		{4F15DA4E-AADE-EEE2-AC1E-C7FBFA0FD680}.Release|Any CPU.Build.0 = Release|Any CPU
		{D94EB47F-D3F2-87C5-960F-FC13FCFDEE54}.Debug|Any CPU.ActiveCfg = Debug|Any CPU
		{D94EB47F-D3F2-87C5-960F-FC13FCFDEE54}.Debug|Any CPU.Build.0 = Debug|Any CPU
		{D94EB47F-D3F2-87C5-960F-FC13FCFDEE54}.Release|Any CPU.ActiveCfg = Release|Any CPU
		{D94EB47F-D3F2-87C5-960F-FC13FCFDEE54}.Release|Any CPU.Build.0 = Release|Any CPU
		{D1E3E436-3560-A93A-E81D-BFE689274D56}.Debug|Any CPU.ActiveCfg = Debug|Any CPU
		{D1E3E436-3560-A93A-E81D-BFE689274D56}.Debug|Any CPU.Build.0 = Debug|Any CPU
		{D1E3E436-3560-A93A-E81D-BFE689274D56}.Release|Any CPU.ActiveCfg = Release|Any CPU
		{D1E3E436-3560-A93A-E81D-BFE689274D56}.Release|Any CPU.Build.0 = Release|Any CPU
		{EC169596-0B3D-9B81-ED37-8A1F5FD791F6}.Debug|Any CPU.ActiveCfg = Debug|Any CPU
		{EC169596-0B3D-9B81-ED37-8A1F5FD791F6}.Debug|Any CPU.Build.0 = Debug|Any CPU
		{EC169596-0B3D-9B81-ED37-8A1F5FD791F6}.Release|Any CPU.ActiveCfg = Release|Any CPU
		{EC169596-0B3D-9B81-ED37-8A1F5FD791F6}.Release|Any CPU.Build.0 = Release|Any CPU
		{CF493871-EAFE-C633-D3C8-F5D2B645CD34}.Debug|Any CPU.ActiveCfg = Debug|Any CPU
		{CF493871-EAFE-C633-D3C8-F5D2B645CD34}.Debug|Any CPU.Build.0 = Debug|Any CPU
		{CF493871-EAFE-C633-D3C8-F5D2B645CD34}.Release|Any CPU.ActiveCfg = Release|Any CPU
		{CF493871-EAFE-C633-D3C8-F5D2B645CD34}.Release|Any CPU.Build.0 = Release|Any CPU
		{3EB2F234-6E8F-3154-4CDF-87C9C44726A7}.Debug|Any CPU.ActiveCfg = Debug|Any CPU
		{3EB2F234-6E8F-3154-4CDF-87C9C44726A7}.Debug|Any CPU.Build.0 = Debug|Any CPU
		{3EB2F234-6E8F-3154-4CDF-87C9C44726A7}.Release|Any CPU.ActiveCfg = Release|Any CPU
		{3EB2F234-6E8F-3154-4CDF-87C9C44726A7}.Release|Any CPU.Build.0 = Release|Any CPU
		{B6E29740-D73D-858A-EC61-965511AEBB9E}.Debug|Any CPU.ActiveCfg = Debug|Any CPU
		{B6E29740-D73D-858A-EC61-965511AEBB9E}.Debug|Any CPU.Build.0 = Debug|Any CPU
		{B6E29740-D73D-858A-EC61-965511AEBB9E}.Release|Any CPU.ActiveCfg = Release|Any CPU
		{B6E29740-D73D-858A-EC61-965511AEBB9E}.Release|Any CPU.Build.0 = Release|Any CPU
		{1EB7DF87-957B-363F-7FD3-450269C22C72}.Debug|Any CPU.ActiveCfg = Debug|Any CPU
		{1EB7DF87-957B-363F-7FD3-450269C22C72}.Debug|Any CPU.Build.0 = Debug|Any CPU
		{1EB7DF87-957B-363F-7FD3-450269C22C72}.Release|Any CPU.ActiveCfg = Release|Any CPU
		{1EB7DF87-957B-363F-7FD3-450269C22C72}.Release|Any CPU.Build.0 = Release|Any CPU
		{FE37B5C9-CD47-A68E-8218-DBE12FAB5917}.Debug|Any CPU.ActiveCfg = Debug|Any CPU
		{FE37B5C9-CD47-A68E-8218-DBE12FAB5917}.Debug|Any CPU.Build.0 = Debug|Any CPU
		{FE37B5C9-CD47-A68E-8218-DBE12FAB5917}.Release|Any CPU.ActiveCfg = Release|Any CPU
		{FE37B5C9-CD47-A68E-8218-DBE12FAB5917}.Release|Any CPU.Build.0 = Release|Any CPU
		{A3FB8B84-D853-AB39-2F6B-557F151865E5}.Debug|Any CPU.ActiveCfg = Debug|Any CPU
		{A3FB8B84-D853-AB39-2F6B-557F151865E5}.Debug|Any CPU.Build.0 = Debug|Any CPU
		{A3FB8B84-D853-AB39-2F6B-557F151865E5}.Release|Any CPU.ActiveCfg = Release|Any CPU
		{A3FB8B84-D853-AB39-2F6B-557F151865E5}.Release|Any CPU.Build.0 = Release|Any CPU
		{B4477D83-7E79-BE0C-AB9B-A6CEDA07CD93}.Debug|Any CPU.ActiveCfg = Debug|Any CPU
		{B4477D83-7E79-BE0C-AB9B-A6CEDA07CD93}.Debug|Any CPU.Build.0 = Debug|Any CPU
		{B4477D83-7E79-BE0C-AB9B-A6CEDA07CD93}.Release|Any CPU.ActiveCfg = Release|Any CPU
		{B4477D83-7E79-BE0C-AB9B-A6CEDA07CD93}.Release|Any CPU.Build.0 = Release|Any CPU
		{19FF04A3-51AE-2C45-1D9A-5EB41856DCD8}.Debug|Any CPU.ActiveCfg = Debug|Any CPU
		{19FF04A3-51AE-2C45-1D9A-5EB41856DCD8}.Debug|Any CPU.Build.0 = Debug|Any CPU
		{19FF04A3-51AE-2C45-1D9A-5EB41856DCD8}.Release|Any CPU.ActiveCfg = Release|Any CPU
		{19FF04A3-51AE-2C45-1D9A-5EB41856DCD8}.Release|Any CPU.Build.0 = Release|Any CPU
		{8D762E02-BCD8-527A-CC60-47D85BC4BFCE}.Debug|Any CPU.ActiveCfg = Debug|Any CPU
		{8D762E02-BCD8-527A-CC60-47D85BC4BFCE}.Debug|Any CPU.Build.0 = Debug|Any CPU
		{8D762E02-BCD8-527A-CC60-47D85BC4BFCE}.Release|Any CPU.ActiveCfg = Release|Any CPU
		{8D762E02-BCD8-527A-CC60-47D85BC4BFCE}.Release|Any CPU.Build.0 = Release|Any CPU
		{80ABD821-6739-929B-E0F5-12AAA584FBE5}.Debug|Any CPU.ActiveCfg = Debug|Any CPU
		{80ABD821-6739-929B-E0F5-12AAA584FBE5}.Debug|Any CPU.Build.0 = Debug|Any CPU
		{80ABD821-6739-929B-E0F5-12AAA584FBE5}.Release|Any CPU.ActiveCfg = Release|Any CPU
		{80ABD821-6739-929B-E0F5-12AAA584FBE5}.Release|Any CPU.Build.0 = Release|Any CPU
		{BB44E723-92EE-86D6-347D-7B392EE359E1}.Debug|Any CPU.ActiveCfg = Debug|Any CPU
		{BB44E723-92EE-86D6-347D-7B392EE359E1}.Debug|Any CPU.Build.0 = Debug|Any CPU
		{BB44E723-92EE-86D6-347D-7B392EE359E1}.Release|Any CPU.ActiveCfg = Release|Any CPU
		{BB44E723-92EE-86D6-347D-7B392EE359E1}.Release|Any CPU.Build.0 = Release|Any CPU
		{E010C0CB-8052-0D56-739F-BE20A41DC485}.Debug|Any CPU.ActiveCfg = Debug|Any CPU
		{E010C0CB-8052-0D56-739F-BE20A41DC485}.Debug|Any CPU.Build.0 = Debug|Any CPU
		{E010C0CB-8052-0D56-739F-BE20A41DC485}.Release|Any CPU.ActiveCfg = Release|Any CPU
		{E010C0CB-8052-0D56-739F-BE20A41DC485}.Release|Any CPU.Build.0 = Release|Any CPU
		{44900E36-554D-658E-591C-024503A568B3}.Debug|Any CPU.ActiveCfg = Debug|Any CPU
		{44900E36-554D-658E-591C-024503A568B3}.Debug|Any CPU.Build.0 = Debug|Any CPU
		{44900E36-554D-658E-591C-024503A568B3}.Release|Any CPU.ActiveCfg = Release|Any CPU
		{44900E36-554D-658E-591C-024503A568B3}.Release|Any CPU.Build.0 = Release|Any CPU
		{4419FA11-337C-38F2-1813-87CD61D7B663}.Debug|Any CPU.ActiveCfg = Debug|Any CPU
		{4419FA11-337C-38F2-1813-87CD61D7B663}.Debug|Any CPU.Build.0 = Debug|Any CPU
		{4419FA11-337C-38F2-1813-87CD61D7B663}.Release|Any CPU.ActiveCfg = Release|Any CPU
		{4419FA11-337C-38F2-1813-87CD61D7B663}.Release|Any CPU.Build.0 = Release|Any CPU
		{33EAC64C-BA07-1A0D-8045-F8F6F52AB69E}.Debug|Any CPU.ActiveCfg = Debug|Any CPU
		{33EAC64C-BA07-1A0D-8045-F8F6F52AB69E}.Debug|Any CPU.Build.0 = Debug|Any CPU
		{33EAC64C-BA07-1A0D-8045-F8F6F52AB69E}.Release|Any CPU.ActiveCfg = Release|Any CPU
		{33EAC64C-BA07-1A0D-8045-F8F6F52AB69E}.Release|Any CPU.Build.0 = Release|Any CPU
		{597914F9-A9B9-B971-373A-83D5F0657D6C}.Debug|Any CPU.ActiveCfg = Debug|Any CPU
		{597914F9-A9B9-B971-373A-83D5F0657D6C}.Debug|Any CPU.Build.0 = Debug|Any CPU
		{597914F9-A9B9-B971-373A-83D5F0657D6C}.Release|Any CPU.ActiveCfg = Release|Any CPU
		{597914F9-A9B9-B971-373A-83D5F0657D6C}.Release|Any CPU.Build.0 = Release|Any CPU
		{2B45AFA9-0D82-FE83-6538-A21743084E06}.Debug|Any CPU.ActiveCfg = Debug|Any CPU
		{2B45AFA9-0D82-FE83-6538-A21743084E06}.Debug|Any CPU.Build.0 = Debug|Any CPU
		{2B45AFA9-0D82-FE83-6538-A21743084E06}.Release|Any CPU.ActiveCfg = Release|Any CPU
		{2B45AFA9-0D82-FE83-6538-A21743084E06}.Release|Any CPU.Build.0 = Release|Any CPU
		{E53A4F6B-3B8F-A086-E104-3A77432F4936}.Debug|Any CPU.ActiveCfg = Debug|Any CPU
		{E53A4F6B-3B8F-A086-E104-3A77432F4936}.Debug|Any CPU.Build.0 = Debug|Any CPU
		{E53A4F6B-3B8F-A086-E104-3A77432F4936}.Release|Any CPU.ActiveCfg = Release|Any CPU
		{E53A4F6B-3B8F-A086-E104-3A77432F4936}.Release|Any CPU.Build.0 = Release|Any CPU
		{8154F928-C761-EF46-328C-2EF2E96F7864}.Debug|Any CPU.ActiveCfg = Debug|Any CPU
		{8154F928-C761-EF46-328C-2EF2E96F7864}.Debug|Any CPU.Build.0 = Debug|Any CPU
		{8154F928-C761-EF46-328C-2EF2E96F7864}.Release|Any CPU.ActiveCfg = Release|Any CPU
		{8154F928-C761-EF46-328C-2EF2E96F7864}.Release|Any CPU.Build.0 = Release|Any CPU
		{32281664-FB56-AD97-C7E5-833598B36D98}.Debug|Any CPU.ActiveCfg = Debug|Any CPU
		{32281664-FB56-AD97-C7E5-833598B36D98}.Debug|Any CPU.Build.0 = Debug|Any CPU
		{32281664-FB56-AD97-C7E5-833598B36D98}.Release|Any CPU.ActiveCfg = Release|Any CPU
		{32281664-FB56-AD97-C7E5-833598B36D98}.Release|Any CPU.Build.0 = Release|Any CPU
		{6E107946-EF47-6194-F32B-3479C7640923}.Debug|Any CPU.ActiveCfg = Debug|Any CPU
		{6E107946-EF47-6194-F32B-3479C7640923}.Debug|Any CPU.Build.0 = Debug|Any CPU
		{6E107946-EF47-6194-F32B-3479C7640923}.Release|Any CPU.ActiveCfg = Release|Any CPU
		{6E107946-EF47-6194-F32B-3479C7640923}.Release|Any CPU.Build.0 = Release|Any CPU
		{E2F96A16-0B51-16E6-C99C-AC69DECDA9CE}.Debug|Any CPU.ActiveCfg = Debug|Any CPU
		{E2F96A16-0B51-16E6-C99C-AC69DECDA9CE}.Debug|Any CPU.Build.0 = Debug|Any CPU
		{E2F96A16-0B51-16E6-C99C-AC69DECDA9CE}.Release|Any CPU.ActiveCfg = Release|Any CPU
		{E2F96A16-0B51-16E6-C99C-AC69DECDA9CE}.Release|Any CPU.Build.0 = Release|Any CPU
		{6EAE01CB-F41B-DDF0-68B9-F20372B40E8B}.Debug|Any CPU.ActiveCfg = Debug|Any CPU
		{6EAE01CB-F41B-DDF0-68B9-F20372B40E8B}.Debug|Any CPU.Build.0 = Debug|Any CPU
		{6EAE01CB-F41B-DDF0-68B9-F20372B40E8B}.Release|Any CPU.ActiveCfg = Release|Any CPU
		{6EAE01CB-F41B-DDF0-68B9-F20372B40E8B}.Release|Any CPU.Build.0 = Release|Any CPU
		{05163CC5-4466-E1CB-A93A-F02D3559A680}.Debug|Any CPU.ActiveCfg = Debug|Any CPU
		{05163CC5-4466-E1CB-A93A-F02D3559A680}.Debug|Any CPU.Build.0 = Debug|Any CPU
		{05163CC5-4466-E1CB-A93A-F02D3559A680}.Release|Any CPU.ActiveCfg = Release|Any CPU
		{05163CC5-4466-E1CB-A93A-F02D3559A680}.Release|Any CPU.Build.0 = Release|Any CPU
		{B2C58A0C-8DDE-D519-21EB-DAA70AC29E7B}.Debug|Any CPU.ActiveCfg = Debug|Any CPU
		{B2C58A0C-8DDE-D519-21EB-DAA70AC29E7B}.Debug|Any CPU.Build.0 = Debug|Any CPU
		{B2C58A0C-8DDE-D519-21EB-DAA70AC29E7B}.Release|Any CPU.ActiveCfg = Release|Any CPU
		{B2C58A0C-8DDE-D519-21EB-DAA70AC29E7B}.Release|Any CPU.Build.0 = Release|Any CPU
		{0C5719B4-E3E2-DB0B-1703-0662731D7BE8}.Debug|Any CPU.ActiveCfg = Debug|Any CPU
		{0C5719B4-E3E2-DB0B-1703-0662731D7BE8}.Debug|Any CPU.Build.0 = Debug|Any CPU
		{0C5719B4-E3E2-DB0B-1703-0662731D7BE8}.Release|Any CPU.ActiveCfg = Release|Any CPU
		{0C5719B4-E3E2-DB0B-1703-0662731D7BE8}.Release|Any CPU.Build.0 = Release|Any CPU
		{5A3A2AA4-DE2A-0B63-D35B-20B3FBCFCCA8}.Debug|Any CPU.ActiveCfg = Debug|Any CPU
		{5A3A2AA4-DE2A-0B63-D35B-20B3FBCFCCA8}.Debug|Any CPU.Build.0 = Debug|Any CPU
		{5A3A2AA4-DE2A-0B63-D35B-20B3FBCFCCA8}.Release|Any CPU.ActiveCfg = Release|Any CPU
		{5A3A2AA4-DE2A-0B63-D35B-20B3FBCFCCA8}.Release|Any CPU.Build.0 = Release|Any CPU
		{FABE2E72-17BE-A3E9-471B-A99715C66517}.Debug|Any CPU.ActiveCfg = Debug|Any CPU
		{FABE2E72-17BE-A3E9-471B-A99715C66517}.Debug|Any CPU.Build.0 = Debug|Any CPU
		{FABE2E72-17BE-A3E9-471B-A99715C66517}.Release|Any CPU.ActiveCfg = Release|Any CPU
		{FABE2E72-17BE-A3E9-471B-A99715C66517}.Release|Any CPU.Build.0 = Release|Any CPU
		{BDD62885-A87B-3764-3420-76A23F1038E9}.Debug|Any CPU.ActiveCfg = Debug|Any CPU
		{BDD62885-A87B-3764-3420-76A23F1038E9}.Debug|Any CPU.Build.0 = Debug|Any CPU
		{BDD62885-A87B-3764-3420-76A23F1038E9}.Release|Any CPU.ActiveCfg = Release|Any CPU
		{BDD62885-A87B-3764-3420-76A23F1038E9}.Release|Any CPU.Build.0 = Release|Any CPU
		{24E9AB42-F4DE-56BA-8402-4C6A27F2A642}.Debug|Any CPU.ActiveCfg = Debug|Any CPU
		{24E9AB42-F4DE-56BA-8402-4C6A27F2A642}.Debug|Any CPU.Build.0 = Debug|Any CPU
		{24E9AB42-F4DE-56BA-8402-4C6A27F2A642}.Release|Any CPU.ActiveCfg = Release|Any CPU
		{24E9AB42-F4DE-56BA-8402-4C6A27F2A642}.Release|Any CPU.Build.0 = Release|Any CPU
		{1D5F41BF-55C2-6DD5-5CD5-E91EA7E1C9D3}.Debug|Any CPU.ActiveCfg = Debug|Any CPU
		{1D5F41BF-55C2-6DD5-5CD5-E91EA7E1C9D3}.Debug|Any CPU.Build.0 = Debug|Any CPU
		{1D5F41BF-55C2-6DD5-5CD5-E91EA7E1C9D3}.Release|Any CPU.ActiveCfg = Release|Any CPU
		{1D5F41BF-55C2-6DD5-5CD5-E91EA7E1C9D3}.Release|Any CPU.Build.0 = Release|Any CPU
		{E936BBDD-2EE6-8627-4AF4-3FA4EF787AB0}.Debug|Any CPU.ActiveCfg = Debug|Any CPU
		{E936BBDD-2EE6-8627-4AF4-3FA4EF787AB0}.Debug|Any CPU.Build.0 = Debug|Any CPU
		{E936BBDD-2EE6-8627-4AF4-3FA4EF787AB0}.Release|Any CPU.ActiveCfg = Release|Any CPU
		{E936BBDD-2EE6-8627-4AF4-3FA4EF787AB0}.Release|Any CPU.Build.0 = Release|Any CPU
		{E1009526-C366-60C4-96C1-36D98BC6D886}.Debug|Any CPU.ActiveCfg = Debug|Any CPU
		{E1009526-C366-60C4-96C1-36D98BC6D886}.Debug|Any CPU.Build.0 = Debug|Any CPU
		{E1009526-C366-60C4-96C1-36D98BC6D886}.Release|Any CPU.ActiveCfg = Release|Any CPU
		{E1009526-C366-60C4-96C1-36D98BC6D886}.Release|Any CPU.Build.0 = Release|Any CPU
		{C938DAF0-EB51-596B-759E-10F22A2AC558}.Debug|Any CPU.ActiveCfg = Debug|Any CPU
		{C938DAF0-EB51-596B-759E-10F22A2AC558}.Debug|Any CPU.Build.0 = Debug|Any CPU
		{C938DAF0-EB51-596B-759E-10F22A2AC558}.Release|Any CPU.ActiveCfg = Release|Any CPU
		{C938DAF0-EB51-596B-759E-10F22A2AC558}.Release|Any CPU.Build.0 = Release|Any CPU
		{9EBC84CC-F505-EAA9-BD21-7B58BB5ACF68}.Debug|Any CPU.ActiveCfg = Debug|Any CPU
		{9EBC84CC-F505-EAA9-BD21-7B58BB5ACF68}.Debug|Any CPU.Build.0 = Debug|Any CPU
		{9EBC84CC-F505-EAA9-BD21-7B58BB5ACF68}.Release|Any CPU.ActiveCfg = Release|Any CPU
		{9EBC84CC-F505-EAA9-BD21-7B58BB5ACF68}.Release|Any CPU.Build.0 = Release|Any CPU
		{18DEE590-2F00-17B6-6850-1BD523659B87}.Debug|Any CPU.ActiveCfg = Debug|Any CPU
		{18DEE590-2F00-17B6-6850-1BD523659B87}.Debug|Any CPU.Build.0 = Debug|Any CPU
		{18DEE590-2F00-17B6-6850-1BD523659B87}.Release|Any CPU.ActiveCfg = Release|Any CPU
		{18DEE590-2F00-17B6-6850-1BD523659B87}.Release|Any CPU.Build.0 = Release|Any CPU
		{612934D6-926D-97EC-A87B-4D867AE1057F}.Debug|Any CPU.ActiveCfg = Debug|Any CPU
		{612934D6-926D-97EC-A87B-4D867AE1057F}.Debug|Any CPU.Build.0 = Debug|Any CPU
		{612934D6-926D-97EC-A87B-4D867AE1057F}.Release|Any CPU.ActiveCfg = Release|Any CPU
		{612934D6-926D-97EC-A87B-4D867AE1057F}.Release|Any CPU.Build.0 = Release|Any CPU
	EndGlobalSection
	GlobalSection(SolutionProperties) = preSolution
		HideSolutionNode = FALSE
	EndGlobalSection
EndGlobal
